
Microsoft Visual Studio Solution File, Format Version 12.00
# Visual Studio Version 17
VisualStudioVersion = 17.3.32804.467
MinimumVisualStudioVersion = 10.0.40219.1
Project("{9A19103F-16F7-4668-BE54-9A1E7A4F7556}") = "chessAPI", "chessAPI.csproj", "{DD6248BF-4E62-4136-B665-A39807757E79}"
EndProject
Global
	GlobalSection(SolutionConfigurationPlatforms) = preSolution
		Debug|Any CPU = Debug|Any CPU
		Release|Any CPU = Release|Any CPU
	EndGlobalSection
	GlobalSection(ProjectConfigurationPlatforms) = postSolution
		{DD6248BF-4E62-4136-B665-A39807757E79}.Debug|Any CPU.ActiveCfg = Debug|Any CPU
		{DD6248BF-4E62-4136-B665-A39807757E79}.Debug|Any CPU.Build.0 = Debug|Any CPU
		{DD6248BF-4E62-4136-B665-A39807757E79}.Release|Any CPU.ActiveCfg = Release|Any CPU
		{DD6248BF-4E62-4136-B665-A39807757E79}.Release|Any CPU.Build.0 = Release|Any CPU
	EndGlobalSection
	GlobalSection(SolutionProperties) = preSolution
		HideSolutionNode = FALSE
	EndGlobalSection
	GlobalSection(ExtensibilityGlobals) = postSolution
		SolutionGuid = {D9CE8188-AA1D-47F2-8B28-5FC80227EEE1}
	EndGlobalSection
EndGlobal
